{
  "name": "codekit-project",
  "version": "1.0.0",
  "lockfileVersion": 1,
  "requires": true,
  "dependencies": {
    "gsap": {
      "version": "file:gsap-bonus.tgz",
      "integrity": "sha512-grIoiuTWV+HDv2dU/HYwh58PT1sVfG2Xg4nLwNJNvTUN9rASb2+g4XTjaWvkqDPij6dvaB0bc9sXP+k/5cnIfg=="
    }
  }
}
